
Microsoft Visual Studio Solution File, Format Version 12.00
# Visual Studio Version 16
VisualStudioVersion = 16.0.32106.194
MinimumVisualStudioVersion = 10.0.40219.1
Project("{FAE04EC0-301F-11D3-BF4B-00C04F79EFBC}") = "HamsBotTelegram", "HamsBotTelegram.csproj", "{BBC71927-25AA-43D0-9E6D-4807AA4E4142}"
EndProject
Global
	GlobalSection(SolutionConfigurationPlatforms) = preSolution
		Debug|Any CPU = Debug|Any CPU
		Release|Any CPU = Release|Any CPU
	EndGlobalSection
	GlobalSection(ProjectConfigurationPlatforms) = postSolution
		{BBC71927-25AA-43D0-9E6D-4807AA4E4142}.Debug|Any CPU.ActiveCfg = Debug|Any CPU
		{BBC71927-25AA-43D0-9E6D-4807AA4E4142}.Debug|Any CPU.Build.0 = Debug|Any CPU
		{BBC71927-25AA-43D0-9E6D-4807AA4E4142}.Release|Any CPU.ActiveCfg = Release|Any CPU
		{BBC71927-25AA-43D0-9E6D-4807AA4E4142}.Release|Any CPU.Build.0 = Release|Any CPU
	EndGlobalSection
	GlobalSection(SolutionProperties) = preSolution
		HideSolutionNode = FALSE
	EndGlobalSection
	GlobalSection(ExtensibilityGlobals) = postSolution
		SolutionGuid = {13F75ABC-4750-489C-A1B3-04688E14168D}
	EndGlobalSection
EndGlobal
